
Microsoft Visual Studio Solution File, Format Version 12.00
# Visual Studio Version 16
VisualStudioVersion = 16.0.29411.108
MinimumVisualStudioVersion = 10.0.40219.1
Project("{9A19103F-16F7-4668-BE54-9A1E7A4F7556}") = "MTGCore.Tests", "test\MTGCore.Tests\MTGCore.Tests.csproj", "{280CB289-FB85-4A24-9663-DB55CED74879}"
EndProject
Project("{9A19103F-16F7-4668-BE54-9A1E7A4F7556}") = "MTGCore", "src\MTGCore\MTGCore.csproj", "{22D5FA65-FDA1-45AA-9F58-60398AA195D5}"
EndProject
Project("{9A19103F-16F7-4668-BE54-9A1E7A4F7556}") = "MTGCore.Proxy", "src\MTGCore.Proxy\MTGCore.Proxy.csproj", "{03B8711E-9C74-46A6-84A9-0610B233A101}"
EndProject
Project("{FAE04EC0-301F-11D3-BF4B-00C04F79EFBC}") = "MTGCore.ClientApp", "src\MTGCore.ClientApp\MTGCore.ClientApp.csproj", "{0FFC3DFC-D2D2-47C0-9924-605C31D9ECE3}"
EndProject
Project("{FAE04EC0-301F-11D3-BF4B-00C04F79EFBC}") = "MTGCore.Configuration", "src\MTGCore.Configuration\MTGCore.Configuration.csproj", "{A7240588-3610-4AEA-8936-7CE63B132A53}"
EndProject
Project("{FAE04EC0-301F-11D3-BF4B-00C04F79EFBC}") = "MTGCore.Repository", "src\MTGCore.Repository\MTGCore.Repository.csproj", "{9056DBB9-DA9A-4663-BB6B-FC07297B1739}"
EndProject
Project("{FAE04EC0-301F-11D3-BF4B-00C04F79EFBC}") = "MTGCore.Authentication", "src\MTGCore.Authentication\MTGCore.Authentication.csproj", "{AB8D746D-5BEA-4FCF-999A-D17EE0BE46BD}"
EndProject
Project("{FAE04EC0-301F-11D3-BF4B-00C04F79EFBC}") = "MTGCore.MtgClient.Api", "src\MTGCore.MtgClient.Api\MTGCore.MtgClient.Api.csproj", "{C533E4F6-9D42-4CAD-A095-60C9E9F3CB36}"
EndProject
Global
	GlobalSection(SolutionConfigurationPlatforms) = preSolution
		Debug|Any CPU = Debug|Any CPU
		Release|Any CPU = Release|Any CPU
	EndGlobalSection
	GlobalSection(ProjectConfigurationPlatforms) = postSolution
		{280CB289-FB85-4A24-9663-DB55CED74879}.Debug|Any CPU.ActiveCfg = Debug|Any CPU
		{280CB289-FB85-4A24-9663-DB55CED74879}.Debug|Any CPU.Build.0 = Debug|Any CPU
		{280CB289-FB85-4A24-9663-DB55CED74879}.Release|Any CPU.ActiveCfg = Release|Any CPU
		{280CB289-FB85-4A24-9663-DB55CED74879}.Release|Any CPU.Build.0 = Release|Any CPU
		{22D5FA65-FDA1-45AA-9F58-60398AA195D5}.Debug|Any CPU.ActiveCfg = Debug|Any CPU
		{22D5FA65-FDA1-45AA-9F58-60398AA195D5}.Debug|Any CPU.Build.0 = Debug|Any CPU
		{22D5FA65-FDA1-45AA-9F58-60398AA195D5}.Release|Any CPU.ActiveCfg = Release|Any CPU
		{22D5FA65-FDA1-45AA-9F58-60398AA195D5}.Release|Any CPU.Build.0 = Release|Any CPU
		{03B8711E-9C74-46A6-84A9-0610B233A101}.Debug|Any CPU.ActiveCfg = Debug|Any CPU
		{03B8711E-9C74-46A6-84A9-0610B233A101}.Debug|Any CPU.Build.0 = Debug|Any CPU
		{03B8711E-9C74-46A6-84A9-0610B233A101}.Release|Any CPU.ActiveCfg = Release|Any CPU
		{03B8711E-9C74-46A6-84A9-0610B233A101}.Release|Any CPU.Build.0 = Release|Any CPU
		{0FFC3DFC-D2D2-47C0-9924-605C31D9ECE3}.Debug|Any CPU.ActiveCfg = Debug|Any CPU
		{0FFC3DFC-D2D2-47C0-9924-605C31D9ECE3}.Debug|Any CPU.Build.0 = Debug|Any CPU
		{0FFC3DFC-D2D2-47C0-9924-605C31D9ECE3}.Release|Any CPU.ActiveCfg = Release|Any CPU
		{0FFC3DFC-D2D2-47C0-9924-605C31D9ECE3}.Release|Any CPU.Build.0 = Release|Any CPU
		{A7240588-3610-4AEA-8936-7CE63B132A53}.Debug|Any CPU.ActiveCfg = Debug|Any CPU
		{A7240588-3610-4AEA-8936-7CE63B132A53}.Debug|Any CPU.Build.0 = Debug|Any CPU
		{A7240588-3610-4AEA-8936-7CE63B132A53}.Release|Any CPU.ActiveCfg = Release|Any CPU
		{A7240588-3610-4AEA-8936-7CE63B132A53}.Release|Any CPU.Build.0 = Release|Any CPU
		{9056DBB9-DA9A-4663-BB6B-FC07297B1739}.Debug|Any CPU.ActiveCfg = Debug|Any CPU
		{9056DBB9-DA9A-4663-BB6B-FC07297B1739}.Debug|Any CPU.Build.0 = Debug|Any CPU
		{9056DBB9-DA9A-4663-BB6B-FC07297B1739}.Release|Any CPU.ActiveCfg = Release|Any CPU
		{9056DBB9-DA9A-4663-BB6B-FC07297B1739}.Release|Any CPU.Build.0 = Release|Any CPU
		{AB8D746D-5BEA-4FCF-999A-D17EE0BE46BD}.Debug|Any CPU.ActiveCfg = Debug|Any CPU
		{AB8D746D-5BEA-4FCF-999A-D17EE0BE46BD}.Debug|Any CPU.Build.0 = Debug|Any CPU
		{AB8D746D-5BEA-4FCF-999A-D17EE0BE46BD}.Release|Any CPU.ActiveCfg = Release|Any CPU
		{AB8D746D-5BEA-4FCF-999A-D17EE0BE46BD}.Release|Any CPU.Build.0 = Release|Any CPU
		{C533E4F6-9D42-4CAD-A095-60C9E9F3CB36}.Debug|Any CPU.ActiveCfg = Debug|Any CPU
		{C533E4F6-9D42-4CAD-A095-60C9E9F3CB36}.Debug|Any CPU.Build.0 = Debug|Any CPU
		{C533E4F6-9D42-4CAD-A095-60C9E9F3CB36}.Release|Any CPU.ActiveCfg = Release|Any CPU
		{C533E4F6-9D42-4CAD-A095-60C9E9F3CB36}.Release|Any CPU.Build.0 = Release|Any CPU
	EndGlobalSection
	GlobalSection(SolutionProperties) = preSolution
		HideSolutionNode = FALSE
	EndGlobalSection
	GlobalSection(ExtensibilityGlobals) = postSolution
		SolutionGuid = {94DEFFBE-4E5D-4BCD-8B34-0BC912F8DC87}
	EndGlobalSection
EndGlobal
